
Microsoft Visual Studio Solution File, Format Version 12.00
# Visual Studio Version 16
VisualStudioVersion = 16.0.31702.278
MinimumVisualStudioVersion = 10.0.40219.1
Project("{9A19103F-16F7-4668-BE54-9A1E7A4F7556}") = "PED", "PED\PED.csproj", "{F42DB1DF-FA87-4ED4-B501-D8A43052CBBF}"
EndProject
Global
	GlobalSection(SolutionConfigurationPlatforms) = preSolution
		Debug|Any CPU = Debug|Any CPU
		Release|Any CPU = Release|Any CPU
	EndGlobalSection
	GlobalSection(ProjectConfigurationPlatforms) = postSolution
		{F42DB1DF-FA87-4ED4-B501-D8A43052CBBF}.Debug|Any CPU.ActiveCfg = Debug|Any CPU
		{F42DB1DF-FA87-4ED4-B501-D8A43052CBBF}.Debug|Any CPU.Build.0 = Debug|Any CPU
		{F42DB1DF-FA87-4ED4-B501-D8A43052CBBF}.Release|Any CPU.ActiveCfg = Debug|Any CPU
		{F42DB1DF-FA87-4ED4-B501-D8A43052CBBF}.Release|Any CPU.Build.0 = Debug|Any CPU
	EndGlobalSection
	GlobalSection(SolutionProperties) = preSolution
		HideSolutionNode = FALSE
	EndGlobalSection
	GlobalSection(ExtensibilityGlobals) = postSolution
		SolutionGuid = {2361FE16-855A-49CC-9973-29564ED3B4D6}
	EndGlobalSection
EndGlobal
